
Microsoft Visual Studio Solution File, Format Version 12.00
# Visual Studio Version 17
VisualStudioVersion = 17.0.31903.59
MinimumVisualStudioVersion = 10.0.40219.1
Project("{FAE04EC0-301F-11D3-BF4B-00C04F79EFBC}") = "WebApplication1", "WebApplication1\WebApplication1.csproj", "{A79984E2-89AF-48E7-AF0F-42A5A5979133}"
EndProject
Global
	GlobalSection(SolutionConfigurationPlatforms) = preSolution
		Debug|Any CPU = Debug|Any CPU
		Release|Any CPU = Release|Any CPU
	EndGlobalSection
	GlobalSection(ProjectConfigurationPlatforms) = postSolution
		{A79984E2-89AF-48E7-AF0F-42A5A5979133}.Debug|Any CPU.ActiveCfg = Debug|Any CPU
		{A79984E2-89AF-48E7-AF0F-42A5A5979133}.Debug|Any CPU.Build.0 = Debug|Any CPU
		{A79984E2-89AF-48E7-AF0F-42A5A5979133}.Release|Any CPU.ActiveCfg = Release|Any CPU
		{A79984E2-89AF-48E7-AF0F-42A5A5979133}.Release|Any CPU.Build.0 = Release|Any CPU
	EndGlobalSection
	GlobalSection(SolutionProperties) = preSolution
		HideSolutionNode = FALSE
	EndGlobalSection
	GlobalSection(ExtensibilityGlobals) = postSolution
		SolutionGuid = {14D3783A-2181-4C34-AA7E-EE4440C266F4}
	EndGlobalSection
EndGlobal
